PODS:
  - BinartOCAMR (0.1.0)
  - Expecta (1.0.6)
  - Specta (1.0.7)

DEPENDENCIES:
  - BinartOCAMR (from `../`)
  - Expecta
  - Specta

SPEC REPOS:
  trunk:
    - Expecta
    - Specta

EXTERNAL SOURCES:
  BinartOCAMR:
    :path: "../"

SPEC CHECKSUMS:
  BinartOCAMR: 7ebc2a83c172b55d5054ae9edb34a1ff2c7a442d
  Expecta: 3b6bd90a64b9a1dcb0b70aa0e10a7f8f631667d5
  Specta: 3e1bd89c3517421982dc4d1c992503e48bd5fe66

PODFILE CHECKSUM: cdab4cb7811f8f2c66fa0e65a5bac2dc9f9599dd

COCOAPODS: 1.9.3
